
Microsoft Visual Studio Solution File, Format Version 12.00
# Visual Studio Version 16
VisualStudioVersion = 16.0.34931.43
MinimumVisualStudioVersion = 10.0.40219.1
Project("{FAE04EC0-301F-11D3-BF4B-00C04F79EFBC}") = "Medical Store", "Medical Store\Medical Store.csproj", "{B14402BB-8CF6-4A64-87C1-CF35A51D7597}"
EndProject
Global
	GlobalSection(SolutionConfigurationPlatforms) = preSolution
		Debug|Any CPU = Debug|Any CPU
		Release|Any CPU = Release|Any CPU
	EndGlobalSection
	GlobalSection(ProjectConfigurationPlatforms) = postSolution
		{B14402BB-8CF6-4A64-87C1-CF35A51D7597}.Debug|Any CPU.ActiveCfg = Debug|Any CPU
		{B14402BB-8CF6-4A64-87C1-CF35A51D7597}.Debug|Any CPU.Build.0 = Debug|Any CPU
		{B14402BB-8CF6-4A64-87C1-CF35A51D7597}.Release|Any CPU.ActiveCfg = Release|Any CPU
		{B14402BB-8CF6-4A64-87C1-CF35A51D7597}.Release|Any CPU.Build.0 = Release|Any CPU
	EndGlobalSection
	GlobalSection(SolutionProperties) = preSolution
		HideSolutionNode = FALSE
	EndGlobalSection
	GlobalSection(ExtensibilityGlobals) = postSolution
		SolutionGuid = {9E91BFAB-DB44-4C89-9546-0237E7ACEAB0}
	EndGlobalSection
EndGlobal
